# Generated by pub
# See https://dart.dev/tools/pub/glossary#lockfile
packages:
  ansicolor:
    dependency: transitive
    description:
      name: ansicolor
      url: "https://pub.dartlang.org"
    source: hosted
    version: "2.0.1"
  archive:
    dependency: transitive
    description:
      name: archive
      url: "https://pub.dartlang.org"
    source: hosted
    version: "3.1.6"
  args:
    dependency: "direct overridden"
    description:
      name: args
      url: "https://pub.dartlang.org"
    source: hosted
    version: "2.3.0"
  asn1lib:
    dependency: transitive
    description:
      name: asn1lib
      url: "https://pub.dartlang.org"
    source: hosted
    version: "1.0.2"
  async:
    dependency: transitive
    description:
      name: async
      url: "https://pub.dartlang.org"
    source: hosted
    version: "2.8.2"
  barcode:
    dependency: transitive
    description:
      name: barcode
      url: "https://pub.dartlang.org"
    source: hosted
    version: "2.1.0"
  boolean_selector:
    dependency: transitive
    description:
      name: boolean_selector
      url: "https://pub.dartlang.org"
    source: hosted
    version: "2.1.0"
  characters:
    dependency: transitive
    description:
      name: characters
      url: "https://pub.dartlang.org"
    source: hosted
    version: "1.2.0"
  charcode:
    dependency: transitive
    description:
      name: charcode
      url: "https://pub.dartlang.org"
    source: hosted
    version: "1.3.1"
  charts_common:
    dependency: transitive
    description:
      name: charts_common
      url: "https://pub.dartlang.org"
    source: hosted
    version: "0.11.0"
  charts_flutter:
    dependency: "direct main"
    description:
      name: charts_flutter
      url: "https://pub.dartlang.org"
    source: hosted
    version: "0.11.0"
  chewie:
    dependency: transitive
    description:
      name: chewie
      url: "https://pub.dartlang.org"
    source: hosted
    version: "1.2.2"
  chewie_audio:
    dependency: transitive
    description:
      name: chewie_audio
      url: "https://pub.dartlang.org"
    source: hosted
    version: "1.2.0"
  clock:
    dependency: transitive
    description:
      name: clock
      url: "https://pub.dartlang.org"
    source: hosted
    version: "1.1.0"
  cloud_firestore:
    dependency: transitive
    description:
      name: cloud_firestore
      url: "https://pub.dartlang.org"
    source: hosted
    version: "1.0.7"
  cloud_firestore_platform_interface:
    dependency: transitive
    description:
      name: cloud_firestore_platform_interface
      url: "https://pub.dartlang.org"
    source: hosted
    version: "4.0.3"
  cloud_firestore_web:
    dependency: transitive
    description:
      name: cloud_firestore_web
      url: "https://pub.dartlang.org"
    source: hosted
    version: "1.0.7"
  collection:
    dependency: transitive
    description:
      name: collection
      url: "https://pub.dartlang.org"
    source: hosted
    version: "1.15.0"
  comum:
    dependency: transitive
    description:
      path: comum
      ref: HEAD
      resolved-ref: fb784dcacee1db52c6826202304d12fc29563f53
      url: "https://github.com/amarildolacerda/flutter_storeware.git"
    source: git
    version: "2021.11.10"
  connectivity:
    dependency: transitive
    description:
      name: connectivity
      url: "https://pub.dartlang.org"
    source: hosted
    version: "3.0.6"
  connectivity_for_web:
    dependency: transitive
    description:
      name: connectivity_for_web
      url: "https://pub.dartlang.org"
    source: hosted
    version: "0.4.0+1"
  connectivity_macos:
    dependency: transitive
    description:
      name: connectivity_macos
      url: "https://pub.dartlang.org"
    source: hosted
    version: "0.2.1+2"
  connectivity_platform_interface:
    dependency: transitive
    description:
      name: connectivity_platform_interface
      url: "https://pub.dartlang.org"
    source: hosted
    version: "2.0.1"
  console:
    dependency: "direct main"
    description:
      path: "."
      ref: HEAD
      resolved-ref: f705d428dd234a586c5c0a17f73fef5fbe9c8a1e
      url: "https://github.com/amarildolacerda/console.git"
    source: git
    version: "2022.01.19+27"
  control_data_platform_android:
    dependency: transitive
    description:
      path: "controls_data/control_data_platform_android"
      ref: HEAD
      resolved-ref: fb784dcacee1db52c6826202304d12fc29563f53
      url: "https://github.com/amarildolacerda/flutter_storeware.git"
    source: git
    version: "2021.10.11"
  control_data_platform_interface:
    dependency: transitive
    description:
      path: "controls_data/control_data_platform_interface"
      ref: HEAD
      resolved-ref: fb784dcacee1db52c6826202304d12fc29563f53
      url: "https://github.com/amarildolacerda/flutter_storeware.git"
    source: git
    version: "2021.09.27"
  control_data_platform_web:
    dependency: transitive
    description:
      path: "controls_data/control_data_platform_web"
      ref: HEAD
      resolved-ref: fb784dcacee1db52c6826202304d12fc29563f53
      url: "https://github.com/amarildolacerda/flutter_storeware.git"
    source: git
    version: "2021.11.10"
  control_data_platform_windows:
    dependency: transitive
    description:
      path: "controls_data/control_data_platform_windows"
      ref: HEAD
      resolved-ref: fb784dcacee1db52c6826202304d12fc29563f53
      url: "https://github.com/amarildolacerda/flutter_storeware.git"
    source: git
    version: "2021.11.10"
  controls_dash:
    dependency: "direct dev"
    description:
      path: controls_dash
      ref: HEAD
      resolved-ref: fb784dcacee1db52c6826202304d12fc29563f53
      url: "https://github.com/amarildolacerda/flutter_storeware.git"
    source: git
    version: "2021.08.18"
  controls_data:
    dependency: transitive
    description:
      path: controls_data
      ref: HEAD
      resolved-ref: fb784dcacee1db52c6826202304d12fc29563f53
      url: "https://github.com/amarildolacerda/flutter_storeware.git"
    source: git
    version: "2021.10.11"
  controls_extensions:
    dependency: transitive
    description:
      path: controls_extensions
      ref: HEAD
      resolved-ref: fb784dcacee1db52c6826202304d12fc29563f53
      url: "https://github.com/amarildolacerda/flutter_storeware.git"
    source: git
    version: "2021.11.10"
  controls_firebase:
    dependency: "direct dev"
    description:
      path: controls_firebase
      ref: HEAD
      resolved-ref: fb784dcacee1db52c6826202304d12fc29563f53
      url: "https://github.com/amarildolacerda/flutter_storeware.git"
    source: git
    version: "2021.11.10"
  controls_firebase_platform_android:
    dependency: transitive
    description:
      path: "controls_firebase/controls_firebase_platform_android"
      ref: HEAD
      resolved-ref: fb784dcacee1db52c6826202304d12fc29563f53
      url: "https://github.com/amarildolacerda/flutter_storeware.git"
    source: git
    version: "2021.11.10"
  controls_firebase_platform_interface:
    dependency: transitive
    description:
      path: "controls_firebase/controls_firebase_platform_interface"
      ref: HEAD
      resolved-ref: fb784dcacee1db52c6826202304d12fc29563f53
      url: "https://github.com/amarildolacerda/flutter_storeware.git"
    source: git
    version: "2021.09.27"
  controls_firebase_platform_web:
    dependency: transitive
    description:
      path: "controls_firebase/controls_firebase_platform_web"
      ref: HEAD
      resolved-ref: fb784dcacee1db52c6826202304d12fc29563f53
      url: "https://github.com/amarildolacerda/flutter_storeware.git"
    source: git
    version: "2021.11.10"
  controls_web:
    dependency: "direct overridden"
    description:
      path: controls_web
      ref: HEAD
      resolved-ref: fb784dcacee1db52c6826202304d12fc29563f53
      url: "https://github.com/amarildolacerda/flutter_storeware.git"
    source: git
    version: "2021.11.10"
  convert:
    dependency: "direct overridden"
    description:
      name: convert
      url: "https://pub.dartlang.org"
    source: hosted
    version: "3.0.1"
  credit_card_input_form:
    dependency: transitive
    description:
      path: "."
      ref: HEAD
      resolved-ref: "1a27fbfcbc6db779ce613ce15c35cd06dc6d0047"
      url: "https://github.com/amarildolacerda/Flutter-Credit-Card-Input-Form.git"
    source: git
    version: "2.0.3+2"
  cross_file:
    dependency: transitive
    description:
      name: cross_file
      url: "https://pub.dartlang.org"
    source: hosted
    version: "0.3.1+5"
  crypto:
    dependency: "direct overridden"
    description:
      name: crypto
      url: "https://pub.dartlang.org"
    source: hosted
    version: "3.0.1"
  csslib:
    dependency: transitive
    description:
      name: csslib
      url: "https://pub.dartlang.org"
    source: hosted
    version: "0.17.0"
  cupertino_icons:
    dependency: "direct main"
    description:
      name: cupertino_icons
      url: "https://pub.dartlang.org"
    source: hosted
    version: "1.0.3"
  data_table_2:
    dependency: transitive
    description:
      name: data_table_2
      url: "https://pub.dartlang.org"
    source: hosted
    version: "2.2.0"
  date_format:
    dependency: transitive
    description:
      name: date_format
      url: "https://pub.dartlang.org"
    source: hosted
    version: "2.0.4"
  datetime_picker_formfield:
    dependency: transitive
    description:
      name: datetime_picker_formfield
      url: "https://pub.dartlang.org"
    source: hosted
    version: "2.0.0"
  desktop_window:
    dependency: "direct main"
    description:
      name: desktop_window
      url: "https://pub.dartlang.org"
    source: hosted
    version: "0.4.0"
  dio:
    dependency: "direct overridden"
    description:
      name: dio
      url: "https://pub.dartlang.org"
    source: hosted
    version: "4.0.0"
  editable:
    dependency: transitive
    description:
      name: editable
      url: "https://pub.dartlang.org"
    source: hosted
    version: "2.0.0"
  encrypt:
    dependency: "direct main"
    description:
      name: encrypt
      url: "https://pub.dartlang.org"
    source: hosted
    version: "5.0.1"
  fake_async:
    dependency: transitive
    description:
      name: fake_async
      url: "https://pub.dartlang.org"
    source: hosted
    version: "1.2.0"
  ffi:
    dependency: transitive
    description:
      name: ffi
      url: "https://pub.dartlang.org"
    source: hosted
    version: "1.1.2"
  file:
    dependency: transitive
    description:
      name: file
      url: "https://pub.dartlang.org"
    source: hosted
    version: "6.1.2"
  firebase:
    dependency: transitive
    description:
      name: firebase
      url: "https://pub.dartlang.org"
    source: hosted
    version: "9.0.2"
  firebase_auth:
    dependency: transitive
    description:
      name: firebase_auth
      url: "https://pub.dartlang.org"
    source: hosted
    version: "1.4.1"
  firebase_auth_platform_interface:
    dependency: transitive
    description:
      name: firebase_auth_platform_interface
      url: "https://pub.dartlang.org"
    source: hosted
    version: "4.3.1"
  firebase_auth_web:
    dependency: transitive
    description:
      name: firebase_auth_web
      url: "https://pub.dartlang.org"
    source: hosted
    version: "1.3.1"
  firebase_core:
    dependency: transitive
    description:
      name: firebase_core
      url: "https://pub.dartlang.org"
    source: hosted
    version: "1.6.0"
  firebase_core_platform_interface:
    dependency: transitive
    description:
      name: firebase_core_platform_interface
      url: "https://pub.dartlang.org"
    source: hosted
    version: "4.0.1"
  firebase_core_web:
    dependency: transitive
    description:
      name: firebase_core_web
      url: "https://pub.dartlang.org"
    source: hosted
    version: "1.1.0"
  firebase_messaging:
    dependency: "direct overridden"
    description:
      name: firebase_messaging
      url: "https://pub.dartlang.org"
    source: hosted
    version: "10.0.7"
  firebase_messaging_platform_interface:
    dependency: transitive
    description:
      name: firebase_messaging_platform_interface
      url: "https://pub.dartlang.org"
    source: hosted
    version: "3.0.5"
  firebase_messaging_web:
    dependency: transitive
    description:
      name: firebase_messaging_web
      url: "https://pub.dartlang.org"
    source: hosted
    version: "2.0.5"
  firebase_storage:
    dependency: transitive
    description:
      name: firebase_storage
      url: "https://pub.dartlang.org"
    source: hosted
    version: "8.1.3"
  firebase_storage_platform_interface:
    dependency: transitive
    description:
      name: firebase_storage_platform_interface
      url: "https://pub.dartlang.org"
    source: hosted
    version: "2.1.2"
  firebase_storage_web:
    dependency: transitive
    description:
      name: firebase_storage_web
      url: "https://pub.dartlang.org"
    source: hosted
    version: "1.1.2"
  flip_card:
    dependency: transitive
    description:
      path: "."
      ref: HEAD
      resolved-ref: ea1a348654bede14322398df6522fe19bd4b6cb1
      url: "https://github.com/amarildolacerda/flip_card.git"
    source: git
    version: "0.4.4-nullsafety"
  flutter:
    dependency: "direct main"
    description: flutter
    source: sdk
    version: "0.0.0"
  flutter_barcode_scanner:
    dependency: transitive
    description:
      name: flutter_barcode_scanner
      url: "https://pub.dartlang.org"
    source: hosted
    version: "2.0.0"
  flutter_bootstrap:
    dependency: transitive
    description:
      name: flutter_bootstrap
      url: "https://pub.dartlang.org"
    source: hosted
    version: "2.0.0"
  flutter_cache_manager:
    dependency: transitive
    description:
      name: flutter_cache_manager
      url: "https://pub.dartlang.org"
    source: hosted
    version: "3.1.2"
  flutter_driver:
    dependency: "direct dev"
    description: flutter
    source: sdk
    version: "0.0.0"
  flutter_html:
    dependency: transitive
    description:
      name: flutter_html
      url: "https://pub.dartlang.org"
    source: hosted
    version: "2.1.2"
  flutter_layout_grid:
    dependency: transitive
    description:
      name: flutter_layout_grid
      url: "https://pub.dartlang.org"
    source: hosted
    version: "1.0.3"
  flutter_local_notifications:
    dependency: transitive
    description:
      name: flutter_local_notifications
      url: "https://pub.dartlang.org"
    source: hosted
    version: "5.0.0+4"
  flutter_local_notifications_platform_interface:
    dependency: transitive
    description:
      name: flutter_local_notifications_platform_interface
      url: "https://pub.dartlang.org"
    source: hosted
    version: "3.0.0"
  flutter_localizations:
    dependency: "direct main"
    description: flutter
    source: sdk
    version: "0.0.0"
  flutter_math_fork:
    dependency: transitive
    description:
      name: flutter_math_fork
      url: "https://pub.dartlang.org"
    source: hosted
    version: "0.4.0+1"
  flutter_page_transition:
    dependency: transitive
    description:
      name: flutter_page_transition
      url: "https://pub.dartlang.org"
    source: hosted
    version: "0.1.6"
  flutter_plugin_android_lifecycle:
    dependency: transitive
    description:
      name: flutter_plugin_android_lifecycle
      url: "https://pub.dartlang.org"
    source: hosted
    version: "2.0.3"
  flutter_slidable:
    dependency: transitive
    description:
      name: flutter_slidable
      url: "https://pub.dartlang.org"
    source: hosted
    version: "1.2.0"
  flutter_speed_dial:
    dependency: transitive
    description:
      name: flutter_speed_dial
      url: "https://pub.dartlang.org"
    source: hosted
    version: "3.0.5"
  flutter_svg:
    dependency: transitive
    description:
      name: flutter_svg
      url: "https://pub.dartlang.org"
    source: hosted
    version: "0.22.0"
  flutter_test:
    dependency: "direct dev"
    description: flutter
    source: sdk
    version: "0.0.0"
  flutter_web_plugins:
    dependency: transitive
    description: flutter
    source: sdk
    version: "0.0.0"
  font_awesome_flutter:
    dependency: transitive
    description:
      name: font_awesome_flutter
      url: "https://pub.dartlang.org"
    source: hosted
    version: "9.1.0"
  fuchsia_remote_debug_protocol:
    dependency: transitive
    description: flutter
    source: sdk
    version: "0.0.0"
  get:
    dependency: "direct main"
    description:
      name: get
      url: "https://pub.dartlang.org"
    source: hosted
    version: "4.3.8"
  google_sign_in:
    dependency: transitive
    description:
      name: google_sign_in
      url: "https://pub.dartlang.org"
    source: hosted
    version: "5.1.0"
  google_sign_in_platform_interface:
    dependency: transitive
    description:
      name: google_sign_in_platform_interface
      url: "https://pub.dartlang.org"
    source: hosted
    version: "2.0.1"
  google_sign_in_web:
    dependency: transitive
    description:
      name: google_sign_in_web
      url: "https://pub.dartlang.org"
    source: hosted
    version: "0.10.0+3"
  html:
    dependency: transitive
    description:
      name: html
      url: "https://pub.dartlang.org"
    source: hosted
    version: "0.15.0"
  http:
    dependency: transitive
    description:
      name: http
      url: "https://pub.dartlang.org"
    source: hosted
    version: "0.13.3"
  http_parser:
    dependency: transitive
    description:
      name: http_parser
      url: "https://pub.dartlang.org"
    source: hosted
    version: "4.0.0"
  image:
    dependency: transitive
    description:
      name: image
      url: "https://pub.dartlang.org"
    source: hosted
    version: "3.0.4"
  image_picker:
    dependency: transitive
    description:
      name: image_picker
      url: "https://pub.dartlang.org"
    source: hosted
    version: "0.8.4+2"
  image_picker_for_web:
    dependency: transitive
    description:
      name: image_picker_for_web
      url: "https://pub.dartlang.org"
    source: hosted
    version: "2.1.3"
  image_picker_platform_interface:
    dependency: transitive
    description:
      name: image_picker_platform_interface
      url: "https://pub.dartlang.org"
    source: hosted
    version: "2.4.1"
  injector:
    dependency: transitive
    description:
      name: injector
      url: "https://pub.dartlang.org"
    source: hosted
    version: "2.0.0"
  integration_test:
    dependency: "direct dev"
    description: flutter
    source: sdk
    version: "0.0.0"
  intl:
    dependency: "direct main"
    description:
      name: intl
      url: "https://pub.dartlang.org"
    source: hosted
    version: "0.17.0"
  js:
    dependency: transitive
    description:
      name: js
      url: "https://pub.dartlang.org"
    source: hosted
    version: "0.6.3"
  liquid_progress_indicator:
    dependency: transitive
    description:
      name: liquid_progress_indicator
      url: "https://pub.dartlang.org"
    source: hosted
    version: "0.4.0"
  logging:
    dependency: transitive
    description:
      name: logging
      url: "https://pub.dartlang.org"
    source: hosted
    version: "1.0.2"
  markdown:
    dependency: transitive
    description:
      name: markdown
      url: "https://pub.dartlang.org"
    source: hosted
    version: "4.0.0"
  matcher:
    dependency: transitive
    description:
      name: matcher
      url: "https://pub.dartlang.org"
    source: hosted
    version: "0.12.11"
  material_color_utilities:
    dependency: transitive
    description:
      name: material_color_utilities
      url: "https://pub.dartlang.org"
    source: hosted
    version: "0.1.3"
  meta:
    dependency: transitive
    description:
      name: meta
      url: "https://pub.dartlang.org"
    source: hosted
    version: "1.7.0"
  mime:
    dependency: transitive
    description:
      name: mime
      url: "https://pub.dartlang.org"
    source: hosted
    version: "1.0.0"
  msix:
    dependency: "direct dev"
    description:
      name: msix
      url: "https://pub.dartlang.org"
    source: hosted
    version: "2.1.3"
  nested:
    dependency: transitive
    description:
      name: nested
      url: "https://pub.dartlang.org"
    source: hosted
    version: "1.0.0"
  numerus:
    dependency: transitive
    description:
      name: numerus
      url: "https://pub.dartlang.org"
    source: hosted
    version: "1.1.1"
  package_config:
    dependency: transitive
    description:
      name: package_config
      url: "https://pub.dartlang.org"
    source: hosted
    version: "2.0.2"
  path:
    dependency: transitive
    description:
      name: path
      url: "https://pub.dartlang.org"
    source: hosted
    version: "1.8.0"
  path_drawing:
    dependency: transitive
    description:
      name: path_drawing
      url: "https://pub.dartlang.org"
    source: hosted
    version: "0.5.1"
  path_parsing:
    dependency: transitive
    description:
      name: path_parsing
      url: "https://pub.dartlang.org"
    source: hosted
    version: "0.2.1"
  path_provider:
    dependency: transitive
    description:
      name: path_provider
      url: "https://pub.dartlang.org"
    source: hosted
    version: "2.0.5"
  path_provider_linux:
    dependency: transitive
    description:
      name: path_provider_linux
      url: "https://pub.dartlang.org"
    source: hosted
    version: "2.1.0"
  path_provider_macos:
    dependency: transitive
    description:
      name: path_provider_macos
      url: "https://pub.dartlang.org"
    source: hosted
    version: "2.0.2"
  path_provider_platform_interface:
    dependency: transitive
    description:
      name: path_provider_platform_interface
      url: "https://pub.dartlang.org"
    source: hosted
    version: "2.0.1"
  path_provider_windows:
    dependency: transitive
    description:
      name: path_provider_windows
      url: "https://pub.dartlang.org"
    source: hosted
    version: "2.0.3"
  pdf:
    dependency: "direct overridden"
    description:
      path: pdf
      ref: master
      resolved-ref: "4607273e862ba81b415563c876629d2203ef83e1"
      url: "https://github.com/DavBfr/dart_pdf.git"
    source: git
    version: "3.6.0"
  pedantic:
    dependency: transitive
    description:
      name: pedantic
      url: "https://pub.dartlang.org"
    source: hosted
    version: "1.11.1"
  percent_indicator:
    dependency: transitive
    description:
      name: percent_indicator
      url: "https://pub.dartlang.org"
    source: hosted
    version: "3.3.0-nullsafety.1"
  petitparser:
    dependency: transitive
    description:
      name: petitparser
      url: "https://pub.dartlang.org"
    source: hosted
    version: "4.3.0"
  platform:
    dependency: transitive
    description:
      name: platform
      url: "https://pub.dartlang.org"
    source: hosted
    version: "3.1.0"
  plugin_platform_interface:
    dependency: transitive
    description:
      name: plugin_platform_interface
      url: "https://pub.dartlang.org"
    source: hosted
    version: "2.0.1"
  pointycastle:
    dependency: "direct overridden"
    description:
      name: pointycastle
      url: "https://pub.dartlang.org"
    source: hosted
    version: "3.3.4"
  printing:
    dependency: "direct overridden"
    description:
      path: printing
      ref: master
      resolved-ref: "4607273e862ba81b415563c876629d2203ef83e1"
      url: "https://github.com/DavBfr/dart_pdf.git"
    source: git
    version: "5.6.0"
  process:
    dependency: transitive
    description:
      name: process
      url: "https://pub.dartlang.org"
    source: hosted
    version: "4.2.4"
  provider:
    dependency: "direct main"
    description:
      name: provider
      url: "https://pub.dartlang.org"
    source: hosted
    version: "6.0.0"
  qr:
    dependency: transitive
    description:
      name: qr
      url: "https://pub.dartlang.org"
    source: hosted
    version: "2.1.0"
  quiver:
    dependency: transitive
    description:
      name: quiver
      url: "https://pub.dartlang.org"
    source: hosted
    version: "3.0.1"
  rxdart:
    dependency: transitive
    description:
      name: rxdart
      url: "https://pub.dartlang.org"
    source: hosted
    version: "0.27.2"
  share:
    dependency: transitive
    description:
      name: share
      url: "https://pub.dartlang.org"
    source: hosted
    version: "2.0.4"
  shared_preferences:
    dependency: transitive
    description:
      name: shared_preferences
      url: "https://pub.dartlang.org"
    source: hosted
    version: "2.0.8"
  shared_preferences_linux:
    dependency: transitive
    description:
      name: shared_preferences_linux
      url: "https://pub.dartlang.org"
    source: hosted
    version: "2.0.2"
  shared_preferences_macos:
    dependency: transitive
    description:
      name: shared_preferences_macos
      url: "https://pub.dartlang.org"
    source: hosted
    version: "2.0.2"
  shared_preferences_platform_interface:
    dependency: transitive
    description:
      name: shared_preferences_platform_interface
      url: "https://pub.dartlang.org"
    source: hosted
    version: "2.0.0"
  shared_preferences_web:
    dependency: transitive
    description:
      name: shared_preferences_web
      url: "https://pub.dartlang.org"
    source: hosted
    version: "2.0.2"
  shared_preferences_windows:
    dependency: transitive
    description:
      name: shared_preferences_windows
      url: "https://pub.dartlang.org"
    source: hosted
    version: "2.0.2"
  shimmer:
    dependency: "direct main"
    description:
      name: shimmer
      url: "https://pub.dartlang.org"
    source: hosted
    version: "2.0.0"
  sky_engine:
    dependency: transitive
    description: flutter
    source: sdk
    version: "0.0.99"
  source_span:
    dependency: transitive
    description:
      name: source_span
      url: "https://pub.dartlang.org"
    source: hosted
    version: "1.8.1"
  sqflite:
    dependency: transitive
    description:
      name: sqflite
      url: "https://pub.dartlang.org"
    source: hosted
    version: "2.0.0+4"
  sqflite_common:
    dependency: transitive
    description:
      name: sqflite_common
      url: "https://pub.dartlang.org"
    source: hosted
    version: "2.0.1+1"
  stack_trace:
    dependency: transitive
    description:
      name: stack_trace
      url: "https://pub.dartlang.org"
    source: hosted
    version: "1.10.0"
  stream_channel:
    dependency: transitive
    description:
      name: stream_channel
      url: "https://pub.dartlang.org"
    source: hosted
    version: "2.1.0"
  string_scanner:
    dependency: transitive
    description:
      name: string_scanner
      url: "https://pub.dartlang.org"
    source: hosted
    version: "1.1.0"
  sync_http:
    dependency: transitive
    description:
      name: sync_http
      url: "https://pub.dartlang.org"
    source: hosted
    version: "0.3.0"
  synchronized:
    dependency: transitive
    description:
      name: synchronized
      url: "https://pub.dartlang.org"
    source: hosted
    version: "3.0.0"
  term_glyph:
    dependency: transitive
    description:
      name: term_glyph
      url: "https://pub.dartlang.org"
    source: hosted
    version: "1.2.0"
  test_api:
    dependency: transitive
    description:
      name: test_api
      url: "https://pub.dartlang.org"
    source: hosted
    version: "0.4.8"
  timeline_tile:
    dependency: transitive
    description:
      name: timeline_tile
      url: "https://pub.dartlang.org"
    source: hosted
    version: "2.0.0"
  timezone:
    dependency: "direct overridden"
    description:
      name: timezone
      url: "https://pub.dartlang.org"
    source: hosted
    version: "0.8.0"
  tuple:
    dependency: transitive
    description:
      name: tuple
      url: "https://pub.dartlang.org"
    source: hosted
    version: "2.0.0"
  typed_data:
    dependency: transitive
    description:
      name: typed_data
      url: "https://pub.dartlang.org"
    source: hosted
    version: "1.3.0"
  universal_html:
    dependency: transitive
    description:
      name: universal_html
      url: "https://pub.dartlang.org"
    source: hosted
    version: "2.0.8"
  universal_io:
    dependency: "direct main"
    description:
      name: universal_io
      url: "https://pub.dartlang.org"
    source: hosted
    version: "2.0.4"
  universal_platform:
    dependency: transitive
    description:
      name: universal_platform
      url: "https://pub.dartlang.org"
    source: hosted
    version: "1.0.0+1"
  url_launcher:
    dependency: transitive
    description:
      name: url_launcher
      url: "https://pub.dartlang.org"
    source: hosted
    version: "6.0.11"
  url_launcher_linux:
    dependency: transitive
    description:
      name: url_launcher_linux
      url: "https://pub.dartlang.org"
    source: hosted
    version: "2.0.2"
  url_launcher_macos:
    dependency: transitive
    description:
      name: url_launcher_macos
      url: "https://pub.dartlang.org"
    source: hosted
    version: "2.0.2"
  url_launcher_platform_interface:
    dependency: transitive
    description:
      name: url_launcher_platform_interface
      url: "https://pub.dartlang.org"
    source: hosted
    version: "2.0.4"
  url_launcher_web:
    dependency: transitive
    description:
      name: url_launcher_web
      url: "https://pub.dartlang.org"
    source: hosted
    version: "2.0.4"
  url_launcher_windows:
    dependency: transitive
    description:
      name: url_launcher_windows
      url: "https://pub.dartlang.org"
    source: hosted
    version: "2.0.2"
  uuid:
    dependency: "direct main"
    description:
      name: uuid
      url: "https://pub.dartlang.org"
    source: hosted
    version: "3.0.4"
  vector_math:
    dependency: transitive
    description:
      name: vector_math
      url: "https://pub.dartlang.org"
    source: hosted
    version: "2.1.1"
  video_player:
    dependency: transitive
    description:
      name: video_player
      url: "https://pub.dartlang.org"
    source: hosted
    version: "2.2.4"
  video_player_platform_interface:
    dependency: transitive
    description:
      name: video_player_platform_interface
      url: "https://pub.dartlang.org"
    source: hosted
    version: "4.2.0"
  video_player_web:
    dependency: transitive
    description:
      name: video_player_web
      url: "https://pub.dartlang.org"
    source: hosted
    version: "2.0.4"
  vm_service:
    dependency: transitive
    description:
      name: vm_service
      url: "https://pub.dartlang.org"
    source: hosted
    version: "7.5.0"
  wakelock:
    dependency: transitive
    description:
      name: wakelock
      url: "https://pub.dartlang.org"
    source: hosted
    version: "0.5.6"
  wakelock_macos:
    dependency: transitive
    description:
      name: wakelock_macos
      url: "https://pub.dartlang.org"
    source: hosted
    version: "0.4.0"
  wakelock_platform_interface:
    dependency: transitive
    description:
      name: wakelock_platform_interface
      url: "https://pub.dartlang.org"
    source: hosted
    version: "0.3.0"
  wakelock_web:
    dependency: transitive
    description:
      name: wakelock_web
      url: "https://pub.dartlang.org"
    source: hosted
    version: "0.4.0"
  wakelock_windows:
    dependency: transitive
    description:
      name: wakelock_windows
      url: "https://pub.dartlang.org"
    source: hosted
    version: "0.2.0"
  wave:
    dependency: "direct dev"
    description:
      name: wave
      url: "https://pub.dartlang.org"
    source: hosted
    version: "0.2.0"
  web_socket_channel:
    dependency: transitive
    description:
      name: web_socket_channel
      url: "https://pub.dartlang.org"
    source: hosted
    version: "2.1.0"
  webdriver:
    dependency: transitive
    description:
      name: webdriver
      url: "https://pub.dartlang.org"
    source: hosted
    version: "3.0.0"
  webview_flutter:
    dependency: transitive
    description:
      name: webview_flutter
      url: "https://pub.dartlang.org"
    source: hosted
    version: "2.0.14"
  win32:
    dependency: transitive
    description:
      name: win32
      url: "https://pub.dartlang.org"
    source: hosted
    version: "2.2.9"
  xdg_directories:
    dependency: transitive
    description:
      name: xdg_directories
      url: "https://pub.dartlang.org"
    source: hosted
    version: "0.2.0"
  xml:
    dependency: transitive
    description:
      name: xml
      url: "https://pub.dartlang.org"
    source: hosted
    version: "5.3.0"
  yaml:
    dependency: transitive
    description:
      name: yaml
      url: "https://pub.dartlang.org"
    source: hosted
    version: "3.1.0"
sdks:
  dart: ">=2.16.0 <3.0.0"
  flutter: ">=2.5.0"
